
Microsoft Visual Studio Solution File, Format Version 12.00
# Visual Studio Version 16
VisualStudioVersion = 16.0.31624.102
MinimumVisualStudioVersion = 10.0.40219.1
Project("{FAE04EC0-301F-11D3-BF4B-00C04F79EFBC}") = "Election2-GitHubUpload", "Election2-GitHubUpload.csproj", "{651A0286-2F4B-4CBF-BF56-62C990701327}"
EndProject
Global
	GlobalSection(SolutionConfigurationPlatforms) = preSolution
		Debug|Any CPU = Debug|Any CPU
		Release|Any CPU = Release|Any CPU
	EndGlobalSection
	GlobalSection(ProjectConfigurationPlatforms) = postSolution
		{651A0286-2F4B-4CBF-BF56-62C990701327}.Debug|Any CPU.ActiveCfg = Debug|Any CPU
		{651A0286-2F4B-4CBF-BF56-62C990701327}.Debug|Any CPU.Build.0 = Debug|Any CPU
		{651A0286-2F4B-4CBF-BF56-62C990701327}.Release|Any CPU.ActiveCfg = Release|Any CPU
		{651A0286-2F4B-4CBF-BF56-62C990701327}.Release|Any CPU.Build.0 = Release|Any CPU
	EndGlobalSection
	GlobalSection(SolutionProperties) = preSolution
		HideSolutionNode = FALSE
	EndGlobalSection
	GlobalSection(ExtensibilityGlobals) = postSolution
		SolutionGuid = {B12EC93F-BDFB-413C-A1CC-1C36380EDC3B}
	EndGlobalSection
EndGlobal
